
Microsoft Visual Studio Solution File, Format Version 12.00
# Visual Studio Version 17
VisualStudioVersion = 17.3.32929.385
MinimumVisualStudioVersion = 10.0.40219.1
Project("{FAE04EC0-301F-11D3-BF4B-00C04F79EFBC}") = "WebApplication1", "WebApplication1.csproj", "{347FC885-A787-4DAE-A80E-09A4529BBA8A}"
EndProject
Global
	GlobalSection(SolutionConfigurationPlatforms) = preSolution
		Debug|Any CPU = Debug|Any CPU
		Release|Any CPU = Release|Any CPU
	EndGlobalSection
	GlobalSection(ProjectConfigurationPlatforms) = postSolution
		{347FC885-A787-4DAE-A80E-09A4529BBA8A}.Debug|Any CPU.ActiveCfg = Debug|Any CPU
		{347FC885-A787-4DAE-A80E-09A4529BBA8A}.Debug|Any CPU.Build.0 = Debug|Any CPU
		{347FC885-A787-4DAE-A80E-09A4529BBA8A}.Release|Any CPU.ActiveCfg = Release|Any CPU
		{347FC885-A787-4DAE-A80E-09A4529BBA8A}.Release|Any CPU.Build.0 = Release|Any CPU
	EndGlobalSection
	GlobalSection(SolutionProperties) = preSolution
		HideSolutionNode = FALSE
	EndGlobalSection
	GlobalSection(ExtensibilityGlobals) = postSolution
		SolutionGuid = {5E6BC688-7AD1-45F7-BE6F-ABC318FF6D72}
	EndGlobalSection
EndGlobal
